
Microsoft Visual Studio Solution File, Format Version 12.00
# Visual Studio Version 17
VisualStudioVersion = 17.7.34031.279
MinimumVisualStudioVersion = 10.0.40219.1
Project("{8BC9CEB8-8B4A-11D0-8D11-00A0C91BC942}") = "onnx-runtime-test", "onnx-runtime-test.vcxproj", "{CB0797F7-3E7B-415B-AB8B-18BAFFACAC56}"
EndProject
Global
	GlobalSection(SolutionConfigurationPlatforms) = preSolution
		Debug|x64 = Debug|x64
		Debug|x86 = Debug|x86
		Release|x64 = Release|x64
		Release|x86 = Release|x86
	EndGlobalSection
	GlobalSection(ProjectConfigurationPlatforms) = postSolution
		{CB0797F7-3E7B-415B-AB8B-18BAFFACAC56}.Debug|x64.ActiveCfg = Debug|x64
		{CB0797F7-3E7B-415B-AB8B-18BAFFACAC56}.Debug|x64.Build.0 = Debug|x64
		{CB0797F7-3E7B-415B-AB8B-18BAFFACAC56}.Debug|x86.ActiveCfg = Debug|Win32
		{CB0797F7-3E7B-415B-AB8B-18BAFFACAC56}.Debug|x86.Build.0 = Debug|Win32
		{CB0797F7-3E7B-415B-AB8B-18BAFFACAC56}.Release|x64.ActiveCfg = Release|x64
		{CB0797F7-3E7B-415B-AB8B-18BAFFACAC56}.Release|x64.Build.0 = Release|x64
		{CB0797F7-3E7B-415B-AB8B-18BAFFACAC56}.Release|x86.ActiveCfg = Release|Win32
		{CB0797F7-3E7B-415B-AB8B-18BAFFACAC56}.Release|x86.Build.0 = Release|Win32
	EndGlobalSection
	GlobalSection(SolutionProperties) = preSolution
		HideSolutionNode = FALSE
	EndGlobalSection
	GlobalSection(ExtensibilityGlobals) = postSolution
		SolutionGuid = {994E2DDF-1AD9-4110-9AAB-BC5C0EF3AF07}
	EndGlobalSection
EndGlobal
